
Microsoft Visual Studio Solution File, Format Version 12.00
# Visual Studio Version 17
VisualStudioVersion = 17.3.32929.385
MinimumVisualStudioVersion = 10.0.40219.1
Project("{9A19103F-16F7-4668-BE54-9A1E7A4F7556}") = "MusFit_FrontDesk", "MusFit_FrontDesk\MusFit_FrontDesk.csproj", "{FCBC6420-5620-40D9-8FAF-EC4585809A30}"
EndProject
Global
	GlobalSection(SolutionConfigurationPlatforms) = preSolution
		Debug|Any CPU = Debug|Any CPU
		Release|Any CPU = Release|Any CPU
	EndGlobalSection
	GlobalSection(ProjectConfigurationPlatforms) = postSolution
		{FCBC6420-5620-40D9-8FAF-EC4585809A30}.Debug|Any CPU.ActiveCfg = Debug|Any CPU
		{FCBC6420-5620-40D9-8FAF-EC4585809A30}.Debug|Any CPU.Build.0 = Debug|Any CPU
		{FCBC6420-5620-40D9-8FAF-EC4585809A30}.Release|Any CPU.ActiveCfg = Release|Any CPU
		{FCBC6420-5620-40D9-8FAF-EC4585809A30}.Release|Any CPU.Build.0 = Release|Any CPU
	EndGlobalSection
	GlobalSection(SolutionProperties) = preSolution
		HideSolutionNode = FALSE
	EndGlobalSection
	GlobalSection(ExtensibilityGlobals) = postSolution
		SolutionGuid = {795DCAFA-59D5-4301-B7B9-71680ECE198C}
	EndGlobalSection
EndGlobal
